
Microsoft Visual Studio Solution File, Format Version 12.00
# Visual Studio Version 16
VisualStudioVersion = 16.0.30523.141
MinimumVisualStudioVersion = 10.0.40219.1
Project("{FAE04EC0-301F-11D3-BF4B-00C04F79EFBC}") = "kv", "kv\kv.csproj", "{F60644EB-CBEC-4981-B998-2FBB3D20869C}"
EndProject
Project("{FAE04EC0-301F-11D3-BF4B-00C04F79EFBC}") = "UserApp", "UserApp\UserApp.csproj", "{05C3A1CA-3C99-4EC1-B524-3ED73138560B}"
EndProject
Global
	GlobalSection(SolutionConfigurationPlatforms) = preSolution
		Debug|Any CPU = Debug|Any CPU
		Release|Any CPU = Release|Any CPU
	EndGlobalSection
	GlobalSection(ProjectConfigurationPlatforms) = postSolution
		{F60644EB-CBEC-4981-B998-2FBB3D20869C}.Debug|Any CPU.ActiveCfg = Debug|Any CPU
		{F60644EB-CBEC-4981-B998-2FBB3D20869C}.Debug|Any CPU.Build.0 = Debug|Any CPU
		{F60644EB-CBEC-4981-B998-2FBB3D20869C}.Release|Any CPU.ActiveCfg = Release|Any CPU
		{F60644EB-CBEC-4981-B998-2FBB3D20869C}.Release|Any CPU.Build.0 = Release|Any CPU
		{05C3A1CA-3C99-4EC1-B524-3ED73138560B}.Debug|Any CPU.ActiveCfg = Debug|Any CPU
		{05C3A1CA-3C99-4EC1-B524-3ED73138560B}.Debug|Any CPU.Build.0 = Debug|Any CPU
		{05C3A1CA-3C99-4EC1-B524-3ED73138560B}.Release|Any CPU.ActiveCfg = Release|Any CPU
		{05C3A1CA-3C99-4EC1-B524-3ED73138560B}.Release|Any CPU.Build.0 = Release|Any CPU
	EndGlobalSection
	GlobalSection(SolutionProperties) = preSolution
		HideSolutionNode = FALSE
	EndGlobalSection
	GlobalSection(ExtensibilityGlobals) = postSolution
		SolutionGuid = {B2E4BBB6-C3DB-4172-B65E-3CA8AEC06B11}
	EndGlobalSection
EndGlobal
